// !$*UTF8*$!
{
	archiveVersion = 1;
	classes = {
	};
	objectVersion = 50;
	objects = {

/* Begin PBXBuildFile section */
		E6064E2C236854E6009FD7F8 /* Kingfisher.framework in Frameworks */ = {isa = PBXBuildFile; fileRef = E6064E2B236854E6009FD7F8 /* Kingfisher.framework */; };
		E60776542300276900F414D2 /* AppDelegate.swift in Sources */ = {isa = PBXBuildFile; fileRef = E60776532300276900F414D2 /* AppDelegate.swift */; };
		E607765B2300276900F414D2 /* Main.storyboard in Resources */ = {isa = PBXBuildFile; fileRef = E60776592300276900F414D2 /* Main.storyboard */; };
		E607765D2300276A00F414D2 /* Assets.xcassets in Resources */ = {isa = PBXBuildFile; fileRef = E607765C2300276A00F414D2 /* Assets.xcassets */; };
		E60776602300276A00F414D2 /* LaunchScreen.storyboard in Resources */ = {isa = PBXBuildFile; fileRef = E607765E2300276A00F414D2 /* LaunchScreen.storyboard */; };
		E60BECBF23585D1500B5873D /* myQiita_mvvmUITests.swift in Sources */ = {isa = PBXBuildFile; fileRef = E60BECBE23585D1500B5873D /* myQiita_mvvmUITests.swift */; };
		E61792F2235820650043D16F /* Tag.swift in Sources */ = {isa = PBXBuildFile; fileRef = E65723A0234B427600186C09 /* Tag.swift */; };
		E61792F42358206F0043D16F /* APIRequest.swift in Sources */ = {isa = PBXBuildFile; fileRef = E6A17D9A233B0DD500B19048 /* APIRequest.swift */; };
		E61DF307235F210400219B14 /* User.swift in Sources */ = {isa = PBXBuildFile; fileRef = E61DF306235F210400219B14 /* User.swift */; };
		E634BACD23168C9C00999A0A /* RxSwift.framework in Frameworks */ = {isa = PBXBuildFile; fileRef = E634BAC523168C9C00999A0A /* RxSwift.framework */; };
		E634BACF23168C9C00999A0A /* SVProgressHUD.framework in Frameworks */ = {isa = PBXBuildFile; fileRef = E634BAC723168C9C00999A0A /* SVProgressHUD.framework */; };
		E634BAD023168C9C00999A0A /* RxRelay.framework in Frameworks */ = {isa = PBXBuildFile; fileRef = E634BAC823168C9C00999A0A /* RxRelay.framework */; };
		E634BAD123168C9C00999A0A /* Realm.framework in Frameworks */ = {isa = PBXBuildFile; fileRef = E634BAC923168C9C00999A0A /* Realm.framework */; };
		E634BAD323168C9C00999A0A /* RealmSwift.framework in Frameworks */ = {isa = PBXBuildFile; fileRef = E634BACB23168C9C00999A0A /* RealmSwift.framework */; };
		E634BAD423168C9C00999A0A /* RxCocoa.framework in Frameworks */ = {isa = PBXBuildFile; fileRef = E634BACC23168C9C00999A0A /* RxCocoa.framework */; };
		E634BAD92316925500999A0A /* Himotoki.framework in Frameworks */ = {isa = PBXBuildFile; fileRef = E634BAD82316925500999A0A /* Himotoki.framework */; };
		E6393EEE23602D0D002E76EB /* StockItemTableViewCell.swift in Sources */ = {isa = PBXBuildFile; fileRef = E6393EEC23602D0D002E76EB /* StockItemTableViewCell.swift */; };
		E6393EEF23602D0D002E76EB /* StockItemTableViewCell.xib in Resources */ = {isa = PBXBuildFile; fileRef = E6393EED23602D0D002E76EB /* StockItemTableViewCell.xib */; };
		E6393EF123604394002E76EB /* HomeViewDataSource.swift in Sources */ = {isa = PBXBuildFile; fileRef = E6393EF023604394002E76EB /* HomeViewDataSource.swift */; };
		E6393EF5236047A1002E76EB /* NSObjectProtocol.extension.swift in Sources */ = {isa = PBXBuildFile; fileRef = E6393EF4236047A1002E76EB /* NSObjectProtocol.extension.swift */; };
		E63F474C23DAA258007BC454 /* BaseError.swift in Sources */ = {isa = PBXBuildFile; fileRef = E63F474B23DAA258007BC454 /* BaseError.swift */; };
		E63F475123DEED7C007BC454 /* OauthRequest.swift in Sources */ = {isa = PBXBuildFile; fileRef = E63F475023DEED7C007BC454 /* OauthRequest.swift */; };
		E63F475323DEEDEE007BC454 /* TagsRequest.swift in Sources */ = {isa = PBXBuildFile; fileRef = E63F475223DEEDEE007BC454 /* TagsRequest.swift */; };
		E63F475523DEEE16007BC454 /* UserRequest.swift in Sources */ = {isa = PBXBuildFile; fileRef = E63F475423DEEE16007BC454 /* UserRequest.swift */; };
		E63F475723E1972E007BC454 /* OuthRequestTest.swift in Sources */ = {isa = PBXBuildFile; fileRef = E63F475623E1972E007BC454 /* OuthRequestTest.swift */; };
		E63F475E23E425AE007BC454 /* LoginViewController.swift in Sources */ = {isa = PBXBuildFile; fileRef = E63F475A23E425A9007BC454 /* LoginViewController.swift */; };
		E63F476423E431D4007BC454 /* LoginView.storyboard in Resources */ = {isa = PBXBuildFile; fileRef = E63F476023E42641007BC454 /* LoginView.storyboard */; };
		E63F476623E4810F007BC454 /* LoginViewModel.swift in Sources */ = {isa = PBXBuildFile; fileRef = E63F476523E4810F007BC454 /* LoginViewModel.swift */; };
		E63F476923E481A3007BC454 /* View+Radius.swift in Sources */ = {isa = PBXBuildFile; fileRef = E63F476723E481A3007BC454 /* View+Radius.swift */; };
		E63F476A23E481A3007BC454 /* String+Validator.swift in Sources */ = {isa = PBXBuildFile; fileRef = E63F476823E481A3007BC454 /* String+Validator.swift */; };
		E65723A1234B427600186C09 /* Tag.swift in Sources */ = {isa = PBXBuildFile; fileRef = E65723A0234B427600186C09 /* Tag.swift */; };
		E666F7572356F33D00FC1C7C /* AppConfig.swift in Sources */ = {isa = PBXBuildFile; fileRef = E6A17D9C233B3F9800B19048 /* AppConfig.swift */; };
		E666F75923570F0B00FC1C7C /* Item.swift in Sources */ = {isa = PBXBuildFile; fileRef = E666F75823570F0B00FC1C7C /* Item.swift */; };
		E666F7602357304900FC1C7C /* myQiita_mvvmTests.swift in Sources */ = {isa = PBXBuildFile; fileRef = E6A17D81233AEFA300B19048 /* myQiita_mvvmTests.swift */; };
		E676ECD92334E931009E7ACE /* HomeViewModel.swift in Sources */ = {isa = PBXBuildFile; fileRef = E676ECD82334E931009E7ACE /* HomeViewModel.swift */; };
		E67A85BD235078F300E52008 /* APIKit.framework in Frameworks */ = {isa = PBXBuildFile; fileRef = E69E72672328EB8400220A95 /* APIKit.framework */; };
		E67A85BE235078F300E52008 /* Himotoki.framework in Frameworks */ = {isa = PBXBuildFile; fileRef = E634BAD82316925500999A0A /* Himotoki.framework */; };
		E67A85BF235078F300E52008 /* Realm.framework in Frameworks */ = {isa = PBXBuildFile; fileRef = E634BAC923168C9C00999A0A /* Realm.framework */; };
		E67A85C0235078F300E52008 /* RealmSwift.framework in Frameworks */ = {isa = PBXBuildFile; fileRef = E634BACB23168C9C00999A0A /* RealmSwift.framework */; };
		E67A85C1235078F300E52008 /* RxBlocking.framework in Frameworks */ = {isa = PBXBuildFile; fileRef = E634BACA23168C9C00999A0A /* RxBlocking.framework */; };
		E67A85C2235078F300E52008 /* RxCocoa.framework in Frameworks */ = {isa = PBXBuildFile; fileRef = E634BACC23168C9C00999A0A /* RxCocoa.framework */; };
		E67A85C3235078F300E52008 /* RxRelay.framework in Frameworks */ = {isa = PBXBuildFile; fileRef = E634BAC823168C9C00999A0A /* RxRelay.framework */; };
		E67A85C4235078F300E52008 /* RxSwift.framework in Frameworks */ = {isa = PBXBuildFile; fileRef = E634BAC523168C9C00999A0A /* RxSwift.framework */; };
		E67A85C5235078F300E52008 /* RxTest.framework in Frameworks */ = {isa = PBXBuildFile; fileRef = E634BAC623168C9C00999A0A /* RxTest.framework */; };
		E67A85C6235078F300E52008 /* SVProgressHUD.framework in Frameworks */ = {isa = PBXBuildFile; fileRef = E634BAC723168C9C00999A0A /* SVProgressHUD.framework */; };
		E67D4B5B233C58F400F81B87 /* HomeViewController.swift in Sources */ = {isa = PBXBuildFile; fileRef = E67D4B5A233C58F400F81B87 /* HomeViewController.swift */; };
		E69B0A2223AE266800D5B47C /* DateUtil.swift in Sources */ = {isa = PBXBuildFile; fileRef = E69B0A2123AE266800D5B47C /* DateUtil.swift */; };
		E69B0A2923B26A3E00D5B47C /* ItemWebViewController.swift in Sources */ = {isa = PBXBuildFile; fileRef = E69B0A2823B26A3E00D5B47C /* ItemWebViewController.swift */; };
		E69B0A2B23C71E9700D5B47C /* HomeView.storyboard in Resources */ = {isa = PBXBuildFile; fileRef = E69B0A2A23C71E9700D5B47C /* HomeView.storyboard */; };
		E69E72682328EB8400220A95 /* APIKit.framework in Frameworks */ = {isa = PBXBuildFile; fileRef = E69E72672328EB8400220A95 /* APIKit.framework */; };
		E6A17D9B233B0DD500B19048 /* APIRequest.swift in Sources */ = {isa = PBXBuildFile; fileRef = E6A17D9A233B0DD500B19048 /* APIRequest.swift */; };
		E6A17D9D233B3F9800B19048 /* AppConfig.swift in Sources */ = {isa = PBXBuildFile; fileRef = E6A17D9C233B3F9800B19048 /* AppConfig.swift */; };
		E6A54B0D23EBAE5700F7E9DF /* UserDataStore.swift in Sources */ = {isa = PBXBuildFile; fileRef = E6A54B0C23EBAE5700F7E9DF /* UserDataStore.swift */; };
		E6A54B1023ED316800F7E9DF /* MyPageViewController.swift in Sources */ = {isa = PBXBuildFile; fileRef = E6A54B0F23ED316800F7E9DF /* MyPageViewController.swift */; };
		E6C1D4FB230E979600849D69 /* ColorUtil.swift in Sources */ = {isa = PBXBuildFile; fileRef = E6C1D4FA230E979600849D69 /* ColorUtil.swift */; };
		E6E4256923F56FCB00CFB9A7 /* ApiTokenDataStore.swift in Sources */ = {isa = PBXBuildFile; fileRef = E6E4256823F56FCB00CFB9A7 /* ApiTokenDataStore.swift */; };
		E6F26F1F23C724A90090CB82 /* StockItemDataStore.swift in Sources */ = {isa = PBXBuildFile; fileRef = E6F26F1E23C724A90090CB82 /* StockItemDataStore.swift */; };
/* End PBXBuildFile section */

/* Begin PBXContainerItemProxy section */
		E60BECC123585D1500B5873D /* PBXContainerItemProxy */ = {
			isa = PBXContainerItemProxy;
			containerPortal = E60776482300276900F414D2 /* Project object */;
			proxyType = 1;
			remoteGlobalIDString = E607764F2300276900F414D2;
			remoteInfo = "myQiita-mvvm";
		};
		E6A17D84233AEFA300B19048 /* PBXContainerItemProxy */ = {
			isa = PBXContainerItemProxy;
			containerPortal = E60776482300276900F414D2 /* Project object */;
			proxyType = 1;
			remoteGlobalIDString = E607764F2300276900F414D2;
			remoteInfo = "myQiita-mvvm";
		};
/* End PBXContainerItemProxy section */

/* Begin PBXFileReference section */
		E6064E2B236854E6009FD7F8 /* Kingfisher.framework */ = {isa = PBXFileReference; lastKnownFileType = wrapper.framework; name = Kingfisher.framework; path = Carthage/Build/iOS/Kingfisher.framework; sourceTree = "<group>"; };
		E60776502300276900F414D2 /* myQiita-mvvm.app */ = {isa = PBXFileReference; explicitFileType = wrapper.application; includeInIndex = 0; path = "myQiita-mvvm.app"; sourceTree = BUILT_PRODUCTS_DIR; };
		E60776532300276900F414D2 /* AppDelegate.swift */ = {isa = PBXFileReference; lastKnownFileType = sourcecode.swift; path = AppDelegate.swift; sourceTree = "<group>"; };
		E607765A2300276900F414D2 /* Base */ = {isa = PBXFileReference; lastKnownFileType = file.storyboard; name = Base; path = Base.lproj/Main.storyboard; sourceTree = "<group>"; };
		E607765C2300276A00F414D2 /* Assets.xcassets */ = {isa = PBXFileReference; lastKnownFileType = folder.assetcatalog; path = Assets.xcassets; sourceTree = "<group>"; };
		E607765F2300276A00F414D2 /* Base */ = {isa = PBXFileReference; lastKnownFileType = file.storyboard; name = Base; path = Base.lproj/LaunchScreen.storyboard; sourceTree = "<group>"; };
		E60776612300276A00F414D2 /* Info.plist */ = {isa = PBXFileReference; lastKnownFileType = text.plist.xml; path = Info.plist; sourceTree = "<group>"; };
		E60BECBC23585D1500B5873D /* myQiita-mvvmUITests.xctest */ = {isa = PBXFileReference; explicitFileType = wrapper.cfbundle; includeInIndex = 0; path = "myQiita-mvvmUITests.xctest"; sourceTree = BUILT_PRODUCTS_DIR; };
		E60BECBE23585D1500B5873D /* myQiita_mvvmUITests.swift */ = {isa = PBXFileReference; lastKnownFileType = sourcecode.swift; path = myQiita_mvvmUITests.swift; sourceTree = "<group>"; };
		E60BECC023585D1500B5873D /* Info.plist */ = {isa = PBXFileReference; lastKnownFileType = text.plist.xml; path = Info.plist; sourceTree = "<group>"; };
		E61DF306235F210400219B14 /* User.swift */ = {isa = PBXFileReference; lastKnownFileType = sourcecode.swift; path = User.swift; sourceTree = "<group>"; };
		E634BAC523168C9C00999A0A /* RxSwift.framework */ = {isa = PBXFileReference; lastKnownFileType = wrapper.framework; name = RxSwift.framework; path = Carthage/Build/iOS/RxSwift.framework; sourceTree = "<group>"; };
		E634BAC623168C9C00999A0A /* RxTest.framework */ = {isa = PBXFileReference; lastKnownFileType = wrapper.framework; name = RxTest.framework; path = Carthage/Build/iOS/RxTest.framework; sourceTree = "<group>"; };
		E634BAC723168C9C00999A0A /* SVProgressHUD.framework */ = {isa = PBXFileReference; lastKnownFileType = wrapper.framework; name = SVProgressHUD.framework; path = Carthage/Build/iOS/SVProgressHUD.framework; sourceTree = "<group>"; };
		E634BAC823168C9C00999A0A /* RxRelay.framework */ = {isa = PBXFileReference; lastKnownFileType = wrapper.framework; name = RxRelay.framework; path = Carthage/Build/iOS/RxRelay.framework; sourceTree = "<group>"; };
		E634BAC923168C9C00999A0A /* Realm.framework */ = {isa = PBXFileReference; lastKnownFileType = wrapper.framework; name = Realm.framework; path = Carthage/Build/iOS/Realm.framework; sourceTree = "<group>"; };
		E634BACA23168C9C00999A0A /* RxBlocking.framework */ = {isa = PBXFileReference; lastKnownFileType = wrapper.framework; name = RxBlocking.framework; path = Carthage/Build/iOS/RxBlocking.framework; sourceTree = "<group>"; };
		E634BACB23168C9C00999A0A /* RealmSwift.framework */ = {isa = PBXFileReference; lastKnownFileType = wrapper.framework; name = RealmSwift.framework; path = Carthage/Build/iOS/RealmSwift.framework; sourceTree = "<group>"; };
		E634BACC23168C9C00999A0A /* RxCocoa.framework */ = {isa = PBXFileReference; lastKnownFileType = wrapper.framework; name = RxCocoa.framework; path = Carthage/Build/iOS/RxCocoa.framework; sourceTree = "<group>"; };
		E634BAD82316925500999A0A /* Himotoki.framework */ = {isa = PBXFileReference; lastKnownFileType = wrapper.framework; name = Himotoki.framework; path = Carthage/Build/iOS/Himotoki.framework; sourceTree = "<group>"; };
		E6393EEC23602D0D002E76EB /* StockItemTableViewCell.swift */ = {isa = PBXFileReference; lastKnownFileType = sourcecode.swift; path = StockItemTableViewCell.swift; sourceTree = "<group>"; };
		E6393EED23602D0D002E76EB /* StockItemTableViewCell.xib */ = {isa = PBXFileReference; lastKnownFileType = file.xib; path = StockItemTableViewCell.xib; sourceTree = "<group>"; };
		E6393EF023604394002E76EB /* HomeViewDataSource.swift */ = {isa = PBXFileReference; lastKnownFileType = sourcecode.swift; path = HomeViewDataSource.swift; sourceTree = "<group>"; };
		E6393EF4236047A1002E76EB /* NSObjectProtocol.extension.swift */ = {isa = PBXFileReference; lastKnownFileType = sourcecode.swift; path = NSObjectProtocol.extension.swift; sourceTree = "<group>"; };
		E63F474B23DAA258007BC454 /* BaseError.swift */ = {isa = PBXFileReference; lastKnownFileType = sourcecode.swift; path = BaseError.swift; sourceTree = "<group>"; };
		E63F475023DEED7C007BC454 /* OauthRequest.swift */ = {isa = PBXFileReference; lastKnownFileType = sourcecode.swift; path = OauthRequest.swift; sourceTree = "<group>"; };
		E63F475223DEEDEE007BC454 /* TagsRequest.swift */ = {isa = PBXFileReference; lastKnownFileType = sourcecode.swift; path = TagsRequest.swift; sourceTree = "<group>"; };
		E63F475423DEEE16007BC454 /* UserRequest.swift */ = {isa = PBXFileReference; lastKnownFileType = sourcecode.swift; path = UserRequest.swift; sourceTree = "<group>"; };
		E63F475623E1972E007BC454 /* OuthRequestTest.swift */ = {isa = PBXFileReference; lastKnownFileType = sourcecode.swift; path = OuthRequestTest.swift; sourceTree = "<group>"; };
		E63F475A23E425A9007BC454 /* LoginViewController.swift */ = {isa = PBXFileReference; lastKnownFileType = sourcecode.swift; path = LoginViewController.swift; sourceTree = "<group>"; };
		E63F476023E42641007BC454 /* LoginView.storyboard */ = {isa = PBXFileReference; fileEncoding = 4; lastKnownFileType = file.storyboard; path = LoginView.storyboard; sourceTree = "<group>"; };
		E63F476523E4810F007BC454 /* LoginViewModel.swift */ = {isa = PBXFileReference; fileEncoding = 4; lastKnownFileType = sourcecode.swift; path = LoginViewModel.swift; sourceTree = "<group>"; };
		E63F476723E481A3007BC454 /* View+Radius.swift */ = {isa = PBXFileReference; fileEncoding = 4; lastKnownFileType = sourcecode.swift; path = "View+Radius.swift"; sourceTree = "<group>"; };
		E63F476823E481A3007BC454 /* String+Validator.swift */ = {isa = PBXFileReference; fileEncoding = 4; lastKnownFileType = sourcecode.swift; path = "String+Validator.swift"; sourceTree = "<group>"; };
		E65723A0234B427600186C09 /* Tag.swift */ = {isa = PBXFileReference; lastKnownFileType = sourcecode.swift; path = Tag.swift; sourceTree = "<group>"; };
		E666F75823570F0B00FC1C7C /* Item.swift */ = {isa = PBXFileReference; lastKnownFileType = sourcecode.swift; path = Item.swift; sourceTree = "<group>"; };
		E676ECD82334E931009E7ACE /* HomeViewModel.swift */ = {isa = PBXFileReference; lastKnownFileType = sourcecode.swift; path = HomeViewModel.swift; sourceTree = "<group>"; };
		E67D4B5A233C58F400F81B87 /* HomeViewController.swift */ = {isa = PBXFileReference; fileEncoding = 4; lastKnownFileType = sourcecode.swift; path = HomeViewController.swift; sourceTree = "<group>"; };
		E69B0A2123AE266800D5B47C /* DateUtil.swift */ = {isa = PBXFileReference; lastKnownFileType = sourcecode.swift; path = DateUtil.swift; sourceTree = "<group>"; };
		E69B0A2823B26A3E00D5B47C /* ItemWebViewController.swift */ = {isa = PBXFileReference; lastKnownFileType = sourcecode.swift; path = ItemWebViewController.swift; sourceTree = "<group>"; };
		E69B0A2A23C71E9700D5B47C /* HomeView.storyboard */ = {isa = PBXFileReference; lastKnownFileType = file.storyboard; path = HomeView.storyboard; sourceTree = "<group>"; };
		E69E72672328EB8400220A95 /* APIKit.framework */ = {isa = PBXFileReference; lastKnownFileType = wrapper.framework; name = APIKit.framework; path = Carthage/Build/iOS/APIKit.framework; sourceTree = "<group>"; };
		E6A17D7F233AEFA300B19048 /* myQiita-mvvmTests.xctest */ = {isa = PBXFileReference; explicitFileType = wrapper.cfbundle; includeInIndex = 0; path = "myQiita-mvvmTests.xctest"; sourceTree = BUILT_PRODUCTS_DIR; };
		E6A17D81233AEFA300B19048 /* myQiita_mvvmTests.swift */ = {isa = PBXFileReference; lastKnownFileType = sourcecode.swift; path = myQiita_mvvmTests.swift; sourceTree = "<group>"; };
		E6A17D83233AEFA300B19048 /* Info.plist */ = {isa = PBXFileReference; lastKnownFileType = text.plist.xml; path = Info.plist; sourceTree = "<group>"; };
		E6A17D9A233B0DD500B19048 /* APIRequest.swift */ = {isa = PBXFileReference; lastKnownFileType = sourcecode.swift; path = APIRequest.swift; sourceTree = "<group>"; };
		E6A17D9C233B3F9800B19048 /* AppConfig.swift */ = {isa = PBXFileReference; lastKnownFileType = sourcecode.swift; path = AppConfig.swift; sourceTree = "<group>"; };
		E6A54B0C23EBAE5700F7E9DF /* UserDataStore.swift */ = {isa = PBXFileReference; lastKnownFileType = sourcecode.swift; path = UserDataStore.swift; sourceTree = "<group>"; };
		E6A54B0F23ED316800F7E9DF /* MyPageViewController.swift */ = {isa = PBXFileReference; lastKnownFileType = sourcecode.swift; path = MyPageViewController.swift; sourceTree = "<group>"; };
		E6C1D4FA230E979600849D69 /* ColorUtil.swift */ = {isa = PBXFileReference; lastKnownFileType = sourcecode.swift; path = ColorUtil.swift; sourceTree = "<group>"; };
		E6E4256823F56FCB00CFB9A7 /* ApiTokenDataStore.swift */ = {isa = PBXFileReference; lastKnownFileType = sourcecode.swift; path = ApiTokenDataStore.swift; sourceTree = "<group>"; };
		E6F26F1E23C724A90090CB82 /* StockItemDataStore.swift */ = {isa = PBXFileReference; lastKnownFileType = sourcecode.swift; path = StockItemDataStore.swift; sourceTree = "<group>"; };
/* End PBXFileReference section */

/* Begin PBXFrameworksBuildPhase section */
		E607764D2300276900F414D2 /* Frameworks */ = {
			isa = PBXFrameworksBuildPhase;
			buildActionMask = 2147483647;
			files = (
				E6064E2C236854E6009FD7F8 /* Kingfisher.framework in Frameworks */,
				E69E72682328EB8400220A95 /* APIKit.framework in Frameworks */,
				E634BAD92316925500999A0A /* Himotoki.framework in Frameworks */,
				E634BACD23168C9C00999A0A /* RxSwift.framework in Frameworks */,
				E634BACF23168C9C00999A0A /* SVProgressHUD.framework in Frameworks */,
				E634BAD023168C9C00999A0A /* RxRelay.framework in Frameworks */,
				E634BAD123168C9C00999A0A /* Realm.framework in Frameworks */,
				E634BAD323168C9C00999A0A /* RealmSwift.framework in Frameworks */,
				E634BAD423168C9C00999A0A /* RxCocoa.framework in Frameworks */,
			);
			runOnlyForDeploymentPostprocessing = 0;
		};
		E60BECB923585D1500B5873D /* Frameworks */ = {
			isa = PBXFrameworksBuildPhase;
			buildActionMask = 2147483647;
			files = (
			);
			runOnlyForDeploymentPostprocessing = 0;
		};
		E6A17D7C233AEFA300B19048 /* Frameworks */ = {
			isa = PBXFrameworksBuildPhase;
			buildActionMask = 2147483647;
			files = (
				E67A85BD235078F300E52008 /* APIKit.framework in Frameworks */,
				E67A85BE235078F300E52008 /* Himotoki.framework in Frameworks */,
				E67A85BF235078F300E52008 /* Realm.framework in Frameworks */,
				E67A85C0235078F300E52008 /* RealmSwift.framework in Frameworks */,
				E67A85C1235078F300E52008 /* RxBlocking.framework in Frameworks */,
				E67A85C2235078F300E52008 /* RxCocoa.framework in Frameworks */,
				E67A85C3235078F300E52008 /* RxRelay.framework in Frameworks */,
				E67A85C4235078F300E52008 /* RxSwift.framework in Frameworks */,
				E67A85C5235078F300E52008 /* RxTest.framework in Frameworks */,
				E67A85C6235078F300E52008 /* SVProgressHUD.framework in Frameworks */,
			);
			runOnlyForDeploymentPostprocessing = 0;
		};
/* End PBXFrameworksBuildPhase section */

/* Begin PBXGroup section */
		E60776472300276900F414D2 = {
			isa = PBXGroup;
			children = (
				E60776522300276900F414D2 /* myQiita */,
				E6A17D80233AEFA300B19048 /* myQiita-mvvmTests */,
				E60BECBD23585D1500B5873D /* myQiita-mvvmUITests */,
				E60776512300276900F414D2 /* Products */,
				E634BAC423168C9C00999A0A /* Frameworks */,
			);
			sourceTree = "<group>";
		};
		E60776512300276900F414D2 /* Products */ = {
			isa = PBXGroup;
			children = (
				E60776502300276900F414D2 /* myQiita-mvvm.app */,
				E6A17D7F233AEFA300B19048 /* myQiita-mvvmTests.xctest */,
				E60BECBC23585D1500B5873D /* myQiita-mvvmUITests.xctest */,
			);
			name = Products;
			sourceTree = "<group>";
		};
		E60776522300276900F414D2 /* myQiita */ = {
			isa = PBXGroup;
			children = (
				E6C1D4F5230E2E7600849D69 /* Applicarion */,
				E67D4B57233C575200F81B87 /* Common */,
				E67D4B55233C56BE00F81B87 /* Components */,
				E67D4B59233C584900F81B87 /* Model */,
				E657239F234B177300186C09 /* Enntity */,
			);
			path = myQiita;
			sourceTree = "<group>";
		};
		E60BECBD23585D1500B5873D /* myQiita-mvvmUITests */ = {
			isa = PBXGroup;
			children = (
				E60BECBE23585D1500B5873D /* myQiita_mvvmUITests.swift */,
				E60BECC023585D1500B5873D /* Info.plist */,
			);
			path = "myQiita-mvvmUITests";
			sourceTree = "<group>";
		};
		E620BA412317CDB0000D8865 /* Resource */ = {
			isa = PBXGroup;
			children = (
				E607765C2300276A00F414D2 /* Assets.xcassets */,
				E607765E2300276A00F414D2 /* LaunchScreen.storyboard */,
			);
			path = Resource;
			sourceTree = "<group>";
		};
		E634BAC423168C9C00999A0A /* Frameworks */ = {
			isa = PBXGroup;
			children = (
				E6064E2B236854E6009FD7F8 /* Kingfisher.framework */,
				E69E72672328EB8400220A95 /* APIKit.framework */,
				E634BAD82316925500999A0A /* Himotoki.framework */,
				E634BAC923168C9C00999A0A /* Realm.framework */,
				E634BACB23168C9C00999A0A /* RealmSwift.framework */,
				E634BACA23168C9C00999A0A /* RxBlocking.framework */,
				E634BACC23168C9C00999A0A /* RxCocoa.framework */,
				E634BAC823168C9C00999A0A /* RxRelay.framework */,
				E634BAC523168C9C00999A0A /* RxSwift.framework */,
				E634BAC623168C9C00999A0A /* RxTest.framework */,
				E634BAC723168C9C00999A0A /* SVProgressHUD.framework */,
			);
			name = Frameworks;
			sourceTree = "<group>";
		};
		E63F474D23DEED31007BC454 /* Model */ = {
			isa = PBXGroup;
			children = (
				E63F474F23DEED41007BC454 /* DataStore */,
				E63F474E23DEED39007BC454 /* Network */,
			);
			path = Model;
			sourceTree = "<group>";
		};
		E63F474E23DEED39007BC454 /* Network */ = {
			isa = PBXGroup;
			children = (
				E63F475623E1972E007BC454 /* OuthRequestTest.swift */,
			);
			path = Network;
			sourceTree = "<group>";
		};
		E63F474F23DEED41007BC454 /* DataStore */ = {
			isa = PBXGroup;
			children = (
			);
			path = DataStore;
			sourceTree = "<group>";
		};
		E63F475823E19E38007BC454 /* ViewModel */ = {
			isa = PBXGroup;
			children = (
				E6A17D81233AEFA300B19048 /* myQiita_mvvmTests.swift */,
			);
			path = ViewModel;
			sourceTree = "<group>";
		};
		E63F475923E4255D007BC454 /* Login */ = {
			isa = PBXGroup;
			children = (
				E63F476023E42641007BC454 /* LoginView.storyboard */,
				E63F475A23E425A9007BC454 /* LoginViewController.swift */,
				E63F476523E4810F007BC454 /* LoginViewModel.swift */,
			);
			path = Login;
			sourceTree = "<group>";
		};
		E657239F234B177300186C09 /* Enntity */ = {
			isa = PBXGroup;
			children = (
				E65723A0234B427600186C09 /* Tag.swift */,
				E666F75823570F0B00FC1C7C /* Item.swift */,
				E61DF306235F210400219B14 /* User.swift */,
			);
			path = Enntity;
			sourceTree = "<group>";
		};
		E67D4B55233C56BE00F81B87 /* Components */ = {
			isa = PBXGroup;
			children = (
				E63F475923E4255D007BC454 /* Login */,
				E6A17D97233B0B1400B19048 /* Home */,
				E69B0A2523B2699600D5B47C /* Item */,
				E6A54B0E23ED314100F7E9DF /* MyPage */,
			);
			path = Components;
			sourceTree = "<group>";
		};
		E67D4B57233C575200F81B87 /* Common */ = {
			isa = PBXGroup;
			children = (
				E67D4B58233C576400F81B87 /* Extension */,
				E6C1D4F4230E2E5700849D69 /* Util */,
			);
			path = Common;
			sourceTree = "<group>";
		};
		E67D4B58233C576400F81B87 /* Extension */ = {
			isa = PBXGroup;
			children = (
				E63F474B23DAA258007BC454 /* BaseError.swift */,
				E6393EF4236047A1002E76EB /* NSObjectProtocol.extension.swift */,
				E63F476723E481A3007BC454 /* View+Radius.swift */,
				E63F476823E481A3007BC454 /* String+Validator.swift */,
			);
			path = Extension;
			sourceTree = "<group>";
		};
		E67D4B59233C584900F81B87 /* Model */ = {
			isa = PBXGroup;
			children = (
				E6F26F1D23C724440090CB82 /* Network */,
				E6F26F1C23C723E10090CB82 /* DataStore */,
			);
			path = Model;
			sourceTree = "<group>";
		};
		E69B0A2523B2699600D5B47C /* Item */ = {
			isa = PBXGroup;
			children = (
				E69B0A2823B26A3E00D5B47C /* ItemWebViewController.swift */,
			);
			path = Item;
			sourceTree = "<group>";
		};
		E6A17D80233AEFA300B19048 /* myQiita-mvvmTests */ = {
			isa = PBXGroup;
			children = (
				E63F475823E19E38007BC454 /* ViewModel */,
				E63F474D23DEED31007BC454 /* Model */,
				E6A17D83233AEFA300B19048 /* Info.plist */,
			);
			path = "myQiita-mvvmTests";
			sourceTree = "<group>";
		};
		E6A17D97233B0B1400B19048 /* Home */ = {
			isa = PBXGroup;
			children = (
				E69B0A2A23C71E9700D5B47C /* HomeView.storyboard */,
				E67D4B5A233C58F400F81B87 /* HomeViewController.swift */,
				E676ECD82334E931009E7ACE /* HomeViewModel.swift */,
				E6393EF023604394002E76EB /* HomeViewDataSource.swift */,
				E6393EEC23602D0D002E76EB /* StockItemTableViewCell.swift */,
				E6393EED23602D0D002E76EB /* StockItemTableViewCell.xib */,
			);
			path = Home;
			sourceTree = "<group>";
		};
		E6A54B0E23ED314100F7E9DF /* MyPage */ = {
			isa = PBXGroup;
			children = (
				E6A54B0F23ED316800F7E9DF /* MyPageViewController.swift */,
			);
			path = MyPage;
			sourceTree = "<group>";
		};
		E6C1D4F4230E2E5700849D69 /* Util */ = {
			isa = PBXGroup;
			children = (
				E6C1D4FA230E979600849D69 /* ColorUtil.swift */,
				E69B0A2123AE266800D5B47C /* DateUtil.swift */,
			);
			path = Util;
			sourceTree = "<group>";
		};
		E6C1D4F5230E2E7600849D69 /* Applicarion */ = {
			isa = PBXGroup;
			children = (
				E60776592300276900F414D2 /* Main.storyboard */,
				E60776532300276900F414D2 /* AppDelegate.swift */,
				E6A17D9C233B3F9800B19048 /* AppConfig.swift */,
				E60776612300276A00F414D2 /* Info.plist */,
				E620BA412317CDB0000D8865 /* Resource */,
			);
			path = Applicarion;
			sourceTree = "<group>";
		};
		E6F26F1C23C723E10090CB82 /* DataStore */ = {
			isa = PBXGroup;
			children = (
				E6E4256823F56FCB00CFB9A7 /* ApiTokenDataStore.swift */,
				E6F26F1E23C724A90090CB82 /* StockItemDataStore.swift */,
				E6A54B0C23EBAE5700F7E9DF /* UserDataStore.swift */,
			);
			path = DataStore;
			sourceTree = "<group>";
		};
		E6F26F1D23C724440090CB82 /* Network */ = {
			isa = PBXGroup;
			children = (
				E6A17D9A233B0DD500B19048 /* APIRequest.swift */,
				E63F475023DEED7C007BC454 /* OauthRequest.swift */,
				E63F475223DEEDEE007BC454 /* TagsRequest.swift */,
				E63F475423DEEE16007BC454 /* UserRequest.swift */,
			);
			path = Network;
			sourceTree = "<group>";
		};
/* End PBXGroup section */

/* Begin PBXNativeTarget section */
		E607764F2300276900F414D2 /* myQiita-mvvm */ = {
			isa = PBXNativeTarget;
			buildConfigurationList = E607767A2300276A00F414D2 /* Build configuration list for PBXNativeTarget "myQiita-mvvm" */;
			buildPhases = (
				E607764C2300276900F414D2 /* Sources */,
				E607764D2300276900F414D2 /* Frameworks */,
				E607764E2300276900F414D2 /* Resources */,
				E634BAD523168D1500999A0A /* Carthage's Run Script */,
				E6CDFF9E23596C63007D3EB3 /* SwiftLint's Run Script */,
			);
			buildRules = (
			);
			dependencies = (
			);
			name = "myQiita-mvvm";
			productName = myQiita;
			productReference = E60776502300276900F414D2 /* myQiita-mvvm.app */;
			productType = "com.apple.product-type.application";
		};
		E60BECBB23585D1500B5873D /* myQiita-mvvmUITests */ = {
			isa = PBXNativeTarget;
			buildConfigurationList = E60BECC523585D1500B5873D /* Build configuration list for PBXNativeTarget "myQiita-mvvmUITests" */;
			buildPhases = (
				E60BECB823585D1500B5873D /* Sources */,
				E60BECB923585D1500B5873D /* Frameworks */,
				E60BECBA23585D1500B5873D /* Resources */,
			);
			buildRules = (
			);
			dependencies = (
				E60BECC223585D1500B5873D /* PBXTargetDependency */,
			);
			name = "myQiita-mvvmUITests";
			productName = "myQiita-mvvmUITests";
			productReference = E60BECBC23585D1500B5873D /* myQiita-mvvmUITests.xctest */;
			productType = "com.apple.product-type.bundle.ui-testing";
		};
		E6A17D7E233AEFA300B19048 /* myQiita-mvvmTests */ = {
			isa = PBXNativeTarget;
			buildConfigurationList = E6A17D86233AEFA300B19048 /* Build configuration list for PBXNativeTarget "myQiita-mvvmTests" */;
			buildPhases = (
				E6A17D7B233AEFA300B19048 /* Sources */,
				E6A17D7C233AEFA300B19048 /* Frameworks */,
				E6A17D7D233AEFA300B19048 /* Resources */,
			);
			buildRules = (
			);
			dependencies = (
				E6A17D85233AEFA300B19048 /* PBXTargetDependency */,
			);
			name = "myQiita-mvvmTests";
			productName = "myQiita-mvvmTests";
			productReference = E6A17D7F233AEFA300B19048 /* myQiita-mvvmTests.xctest */;
			productType = "com.apple.product-type.bundle.unit-test";
		};
/* End PBXNativeTarget section */

/* Begin PBXProject section */
		E60776482300276900F414D2 /* Project object */ = {
			isa = PBXProject;
			attributes = {
				LastSwiftUpdateCheck = 1030;
				LastUpgradeCheck = 1010;
				ORGANIZATIONNAME = a.naga;
				TargetAttributes = {
					E607764F2300276900F414D2 = {
						CreatedOnToolsVersion = 10.1;
					};
					E60BECBB23585D1500B5873D = {
						CreatedOnToolsVersion = 10.3;
						TestTargetID = E607764F2300276900F414D2;
					};
					E6A17D7E233AEFA300B19048 = {
						CreatedOnToolsVersion = 10.3;
						TestTargetID = E607764F2300276900F414D2;
					};
				};
			};
			buildConfigurationList = E607764B2300276900F414D2 /* Build configuration list for PBXProject "myQiita-mvvm" */;
			compatibilityVersion = "Xcode 9.3";
			developmentRegion = en;
			hasScannedForEncodings = 0;
			knownRegions = (
				en,
				Base,
			);
			mainGroup = E60776472300276900F414D2;
			productRefGroup = E60776512300276900F414D2 /* Products */;
			projectDirPath = "";
			projectRoot = "";
			targets = (
				E607764F2300276900F414D2 /* myQiita-mvvm */,
				E6A17D7E233AEFA300B19048 /* myQiita-mvvmTests */,
				E60BECBB23585D1500B5873D /* myQiita-mvvmUITests */,
			);
		};
/* End PBXProject section */

/* Begin PBXResourcesBuildPhase section */
		E607764E2300276900F414D2 /* Resources */ = {
			isa = PBXResourcesBuildPhase;
			buildActionMask = 2147483647;
			files = (
				E69B0A2B23C71E9700D5B47C /* HomeView.storyboard in Resources */,
				E60776602300276A00F414D2 /* LaunchScreen.storyboard in Resources */,
				E6393EEF23602D0D002E76EB /* StockItemTableViewCell.xib in Resources */,
				E607765D2300276A00F414D2 /* Assets.xcassets in Resources */,
				E607765B2300276900F414D2 /* Main.storyboard in Resources */,
				E63F476423E431D4007BC454 /* LoginView.storyboard in Resources */,
			);
			runOnlyForDeploymentPostprocessing = 0;
		};
		E60BECBA23585D1500B5873D /* Resources */ = {
			isa = PBXResourcesBuildPhase;
			buildActionMask = 2147483647;
			files = (
			);
			runOnlyForDeploymentPostprocessing = 0;
		};
		E6A17D7D233AEFA300B19048 /* Resources */ = {
			isa = PBXResourcesBuildPhase;
			buildActionMask = 2147483647;
			files = (
			);
			runOnlyForDeploymentPostprocessing = 0;
		};
/* End PBXResourcesBuildPhase section */

/* Begin PBXShellScriptBuildPhase section */
		E634BAD523168D1500999A0A /* Carthage's Run Script */ = {
			isa = PBXShellScriptBuildPhase;
			buildActionMask = 2147483647;
			files = (
			);
			inputFileListPaths = (
			);
			inputPaths = (
				"$(SRCROOT)/Carthage/Build/iOS/Realm.framework",
				"$(SRCROOT)/Carthage/Build/iOS/RealmSwift.framework",
				"$(SRCROOT)/Carthage/Build/iOS/RxCocoa.framework",
				"$(SRCROOT)/Carthage/Build/iOS/RxRelay.framework",
				"$(SRCROOT)/Carthage/Build/iOS/RxSwift.framework",
				"$(SRCROOT)/Carthage/Build/iOS/RxTest.framework",
				"$(SRCROOT)/Carthage/Build/iOS/SVProgressHUD.framework",
				"$(SRCROOT)/Carthage/Build/iOS/Himotoki.framework",
				"$(SRCROOT)/Carthage/Build/iOS/APIKit.framework",
				"$(SRCROOT)/Carthage/Build/iOS/Kingfisher.framework",
			);
			name = "Carthage's Run Script";
			outputFileListPaths = (
			);
			outputPaths = (
			);
			runOnlyForDeploymentPostprocessing = 0;
			shellPath = /bin/sh;
			shellScript = "/usr/local/bin/carthage copy-frameworks\n";
		};
		E6CDFF9E23596C63007D3EB3 /* SwiftLint's Run Script */ = {
			isa = PBXShellScriptBuildPhase;
			buildActionMask = 2147483647;
			files = (
			);
			inputFileListPaths = (
			);
			inputPaths = (
			);
			name = "SwiftLint's Run Script";
			outputFileListPaths = (
			);
			outputPaths = (
			);
			runOnlyForDeploymentPostprocessing = 0;
			shellPath = /bin/sh;
			shellScript = "if which swiftlint >/dev/null; then\n cd $(SRCROOT)/myQiita/\nswiftlint autocorrect --format\nswiftlint\nelse\necho \"warning: SwiftLint not installed, download from https://github.com/realm/SwiftLint\"\nfi\n";
		};
/* End PBXShellScriptBuildPhase section */

/* Begin PBXSourcesBuildPhase section */
		E607764C2300276900F414D2 /* Sources */ = {
			isa = PBXSourcesBuildPhase;
			buildActionMask = 2147483647;
			files = (
				E60776542300276900F414D2 /* AppDelegate.swift in Sources */,
				E6C1D4FB230E979600849D69 /* ColorUtil.swift in Sources */,
				E63F476623E4810F007BC454 /* LoginViewModel.swift in Sources */,
				E69B0A2923B26A3E00D5B47C /* ItemWebViewController.swift in Sources */,
				E6E4256923F56FCB00CFB9A7 /* ApiTokenDataStore.swift in Sources */,
				E63F475123DEED7C007BC454 /* OauthRequest.swift in Sources */,
				E6A17D9D233B3F9800B19048 /* AppConfig.swift in Sources */,
				E6F26F1F23C724A90090CB82 /* StockItemDataStore.swift in Sources */,
				E6A54B1023ED316800F7E9DF /* MyPageViewController.swift in Sources */,
				E63F475323DEEDEE007BC454 /* TagsRequest.swift in Sources */,
				E65723A1234B427600186C09 /* Tag.swift in Sources */,
				E63F476A23E481A3007BC454 /* String+Validator.swift in Sources */,
				E63F475E23E425AE007BC454 /* LoginViewController.swift in Sources */,
				E666F75923570F0B00FC1C7C /* Item.swift in Sources */,
				E6393EF123604394002E76EB /* HomeViewDataSource.swift in Sources */,
				E61DF307235F210400219B14 /* User.swift in Sources */,
				E6A17D9B233B0DD500B19048 /* APIRequest.swift in Sources */,
				E6393EF5236047A1002E76EB /* NSObjectProtocol.extension.swift in Sources */,
				E6393EEE23602D0D002E76EB /* StockItemTableViewCell.swift in Sources */,
				E6A54B0D23EBAE5700F7E9DF /* UserDataStore.swift in Sources */,
				E63F476923E481A3007BC454 /* View+Radius.swift in Sources */,
				E69B0A2223AE266800D5B47C /* DateUtil.swift in Sources */,
				E67D4B5B233C58F400F81B87 /* HomeViewController.swift in Sources */,
				E676ECD92334E931009E7ACE /* HomeViewModel.swift in Sources */,
				E63F475523DEEE16007BC454 /* UserRequest.swift in Sources */,
				E63F474C23DAA258007BC454 /* BaseError.swift in Sources */,
			);
			runOnlyForDeploymentPostprocessing = 0;
		};
		E60BECB823585D1500B5873D /* Sources */ = {
			isa = PBXSourcesBuildPhase;
			buildActionMask = 2147483647;
			files = (
				E60BECBF23585D1500B5873D /* myQiita_mvvmUITests.swift in Sources */,
			);
			runOnlyForDeploymentPostprocessing = 0;
		};
		E6A17D7B233AEFA300B19048 /* Sources */ = {
			isa = PBXSourcesBuildPhase;
			buildActionMask = 2147483647;
			files = (
				E61792F42358206F0043D16F /* APIRequest.swift in Sources */,
				E61792F2235820650043D16F /* Tag.swift in Sources */,
				E666F7602357304900FC1C7C /* myQiita_mvvmTests.swift in Sources */,
				E63F475723E1972E007BC454 /* OuthRequestTest.swift in Sources */,
				E666F7572356F33D00FC1C7C /* AppConfig.swift in Sources */,
			);
			runOnlyForDeploymentPostprocessing = 0;
		};
/* End PBXSourcesBuildPhase section */

/* Begin PBXTargetDependency section */
		E60BECC223585D1500B5873D /* PBXTargetDependency */ = {
			isa = PBXTargetDependency;
			target = E607764F2300276900F414D2 /* myQiita-mvvm */;
			targetProxy = E60BECC123585D1500B5873D /* PBXContainerItemProxy */;
		};
		E6A17D85233AEFA300B19048 /* PBXTargetDependency */ = {
			isa = PBXTargetDependency;
			target = E607764F2300276900F414D2 /* myQiita-mvvm */;
			targetProxy = E6A17D84233AEFA300B19048 /* PBXContainerItemProxy */;
		};
/* End PBXTargetDependency section */

/* Begin PBXVariantGroup section */
		E60776592300276900F414D2 /* Main.storyboard */ = {
			isa = PBXVariantGroup;
			children = (
				E607765A2300276900F414D2 /* Base */,
			);
			name = Main.storyboard;
			sourceTree = "<group>";
		};
		E607765E2300276A00F414D2 /* LaunchScreen.storyboard */ = {
			isa = PBXVariantGroup;
			children = (
				E607765F2300276A00F414D2 /* Base */,
			);
			name = LaunchScreen.storyboard;
			sourceTree = "<group>";
		};
/* End PBXVariantGroup section */

/* Begin XCBuildConfiguration section */
		E60776782300276A00F414D2 /* Debug */ = {
			isa = XCBuildConfiguration;
			buildSettings = {
				ALWAYS_SEARCH_USER_PATHS = NO;
				CLANG_ANALYZER_NONNULL = YES;
				CLANG_ANALYZER_NUMBER_OBJECT_CONVERSION = YES_AGGRESSIVE;
				CLANG_CXX_LANGUAGE_STANDARD = "gnu++14";
				CLANG_CXX_LIBRARY = "libc++";
				CLANG_ENABLE_MODULES = YES;
				CLANG_ENABLE_OBJC_ARC = YES;
				CLANG_ENABLE_OBJC_WEAK = YES;
				CLANG_WARN_BLOCK_CAPTURE_AUTORELEASING = YES;
				CLANG_WARN_BOOL_CONVERSION = YES;
				CLANG_WARN_COMMA = YES;
				CLANG_WARN_CONSTANT_CONVERSION = YES;
				CLANG_WARN_DEPRECATED_OBJC_IMPLEMENTATIONS = YES;
				CLANG_WARN_DIRECT_OBJC_ISA_USAGE = YES_ERROR;
				CLANG_WARN_DOCUMENTATION_COMMENTS = YES;
				CLANG_WARN_EMPTY_BODY = YES;
				CLANG_WARN_ENUM_CONVERSION = YES;
				CLANG_WARN_INFINITE_RECURSION = YES;
				CLANG_WARN_INT_CONVERSION = YES;
				CLANG_WARN_NON_LITERAL_NULL_CONVERSION = YES;
				CLANG_WARN_OBJC_IMPLICIT_RETAIN_SELF = YES;
				CLANG_WARN_OBJC_LITERAL_CONVERSION = YES;
				CLANG_WARN_OBJC_ROOT_CLASS = YES_ERROR;
				CLANG_WARN_RANGE_LOOP_ANALYSIS = YES;
				CLANG_WARN_STRICT_PROTOTYPES = YES;
				CLANG_WARN_SUSPICIOUS_MOVE = YES;
				CLANG_WARN_UNGUARDED_AVAILABILITY = YES_AGGRESSIVE;
				CLANG_WARN_UNREACHABLE_CODE = YES;
				CLANG_WARN__DUPLICATE_METHOD_MATCH = YES;
				CODE_SIGN_IDENTITY = "iPhone Developer";
				COPY_PHASE_STRIP = NO;
				DEBUG_INFORMATION_FORMAT = dwarf;
				ENABLE_STRICT_OBJC_MSGSEND = YES;
				ENABLE_TESTABILITY = YES;
				GCC_C_LANGUAGE_STANDARD = gnu11;
				GCC_DYNAMIC_NO_PIC = NO;
				GCC_NO_COMMON_BLOCKS = YES;
				GCC_OPTIMIZATION_LEVEL = 0;
				GCC_PREPROCESSOR_DEFINITIONS = (
					"DEBUG=1",
					"$(inherited)",
				);
				GCC_WARN_64_TO_32_BIT_CONVERSION = YES;
				GCC_WARN_ABOUT_RETURN_TYPE = YES_ERROR;
				GCC_WARN_UNDECLARED_SELECTOR = YES;
				GCC_WARN_UNINITIALIZED_AUTOS = YES_AGGRESSIVE;
				GCC_WARN_UNUSED_FUNCTION = YES;
				GCC_WARN_UNUSED_VARIABLE = YES;
				IPHONEOS_DEPLOYMENT_TARGET = 12.1;
				MTL_ENABLE_DEBUG_INFO = INCLUDE_SOURCE;
				MTL_FAST_MATH = YES;
				ONLY_ACTIVE_ARCH = YES;
				SDKROOT = iphoneos;
				SWIFT_ACTIVE_COMPILATION_CONDITIONS = DEBUG;
				SWIFT_OPTIMIZATION_LEVEL = "-Onone";
				SWIFT_VERSION = 5.0;
			};
			name = Debug;
		};
		E60776792300276A00F414D2 /* Release */ = {
			isa = XCBuildConfiguration;
			buildSettings = {
				ALWAYS_SEARCH_USER_PATHS = NO;
				CLANG_ANALYZER_NONNULL = YES;
				CLANG_ANALYZER_NUMBER_OBJECT_CONVERSION = YES_AGGRESSIVE;
				CLANG_CXX_LANGUAGE_STANDARD = "gnu++14";
				CLANG_CXX_LIBRARY = "libc++";
				CLANG_ENABLE_MODULES = YES;
				CLANG_ENABLE_OBJC_ARC = YES;
				CLANG_ENABLE_OBJC_WEAK = YES;
				CLANG_WARN_BLOCK_CAPTURE_AUTORELEASING = YES;
				CLANG_WARN_BOOL_CONVERSION = YES;
				CLANG_WARN_COMMA = YES;
				CLANG_WARN_CONSTANT_CONVERSION = YES;
				CLANG_WARN_DEPRECATED_OBJC_IMPLEMENTATIONS = YES;
				CLANG_WARN_DIRECT_OBJC_ISA_USAGE = YES_ERROR;
				CLANG_WARN_DOCUMENTATION_COMMENTS = YES;
				CLANG_WARN_EMPTY_BODY = YES;
				CLANG_WARN_ENUM_CONVERSION = YES;
				CLANG_WARN_INFINITE_RECURSION = YES;
				CLANG_WARN_INT_CONVERSION = YES;
				CLANG_WARN_NON_LITERAL_NULL_CONVERSION = YES;
				CLANG_WARN_OBJC_IMPLICIT_RETAIN_SELF = YES;
				CLANG_WARN_OBJC_LITERAL_CONVERSION = YES;
				CLANG_WARN_OBJC_ROOT_CLASS = YES_ERROR;
				CLANG_WARN_RANGE_LOOP_ANALYSIS = YES;
				CLANG_WARN_STRICT_PROTOTYPES = YES;
				CLANG_WARN_SUSPICIOUS_MOVE = YES;
				CLANG_WARN_UNGUARDED_AVAILABILITY = YES_AGGRESSIVE;
				CLANG_WARN_UNREACHABLE_CODE = YES;
				CLANG_WARN__DUPLICATE_METHOD_MATCH = YES;
				CODE_SIGN_IDENTITY = "iPhone Developer";
				COPY_PHASE_STRIP = NO;
				DEBUG_INFORMATION_FORMAT = "dwarf-with-dsym";
				ENABLE_NS_ASSERTIONS = NO;
				ENABLE_STRICT_OBJC_MSGSEND = YES;
				GCC_C_LANGUAGE_STANDARD = gnu11;
				GCC_NO_COMMON_BLOCKS = YES;
				GCC_WARN_64_TO_32_BIT_CONVERSION = YES;
				GCC_WARN_ABOUT_RETURN_TYPE = YES_ERROR;
				GCC_WARN_UNDECLARED_SELECTOR = YES;
				GCC_WARN_UNINITIALIZED_AUTOS = YES_AGGRESSIVE;
				GCC_WARN_UNUSED_FUNCTION = YES;
				GCC_WARN_UNUSED_VARIABLE = YES;
				IPHONEOS_DEPLOYMENT_TARGET = 12.1;
				MTL_ENABLE_DEBUG_INFO = NO;
				MTL_FAST_MATH = YES;
				SDKROOT = iphoneos;
				SWIFT_COMPILATION_MODE = wholemodule;
				SWIFT_OPTIMIZATION_LEVEL = "-O";
				SWIFT_VERSION = 5.0;
				VALIDATE_PRODUCT = YES;
			};
			name = Release;
		};
		E607767B2300276A00F414D2 /* Debug */ = {
			isa = XCBuildConfiguration;
			buildSettings = {
				ASSETCATALOG_COMPILER_APPICON_NAME = AppIcon;
				CODE_SIGN_STYLE = Automatic;
				DEVELOPMENT_TEAM = 6VPJN87ZK9;
				FRAMEWORK_SEARCH_PATHS = (
					"$(inherited)",
					"$(PROJECT_DIR)/Carthage/Build/iOS",
				);
				INFOPLIST_FILE = myQiita/Applicarion/Info.plist;
				LD_RUNPATH_SEARCH_PATHS = (
					"$(inherited)",
					"@executable_path/Frameworks",
				);
				PRODUCT_BUNDLE_IDENTIFIER = com.shinamon.myQiita;
				PRODUCT_NAME = "$(TARGET_NAME)";
				SWIFT_VERSION = 5.0;
				TARGETED_DEVICE_FAMILY = "1,2";
			};
			name = Debug;
		};
		E607767C2300276A00F414D2 /* Release */ = {
			isa = XCBuildConfiguration;
			buildSettings = {
				ASSETCATALOG_COMPILER_APPICON_NAME = AppIcon;
				CODE_SIGN_STYLE = Automatic;
				DEVELOPMENT_TEAM = 6VPJN87ZK9;
				FRAMEWORK_SEARCH_PATHS = (
					"$(inherited)",
					"$(PROJECT_DIR)/Carthage/Build/iOS",
				);
				INFOPLIST_FILE = myQiita/Applicarion/Info.plist;
				LD_RUNPATH_SEARCH_PATHS = (
					"$(inherited)",
					"@executable_path/Frameworks",
				);
				PRODUCT_BUNDLE_IDENTIFIER = com.shinamon.myQiita;
				PRODUCT_NAME = "$(TARGET_NAME)";
				SWIFT_VERSION = 5.0;
				TARGETED_DEVICE_FAMILY = "1,2";
			};
			name = Release;
		};
		E60BECC323585D1500B5873D /* Debug */ = {
			isa = XCBuildConfiguration;
			buildSettings = {
				CODE_SIGN_STYLE = Automatic;
				DEVELOPMENT_TEAM = 9JYWPBXFTC;
				INFOPLIST_FILE = "myQiita-mvvmUITests/Info.plist";
				IPHONEOS_DEPLOYMENT_TARGET = 12.4;
				LD_RUNPATH_SEARCH_PATHS = (
					"$(inherited)",
					"@executable_path/Frameworks",
					"@loader_path/Frameworks",
				);
				PRODUCT_BUNDLE_IDENTIFIER = "com.shinamon.myQiita-mvvmUITests";
				PRODUCT_NAME = "$(TARGET_NAME)";
				SWIFT_VERSION = 5.0;
				TARGETED_DEVICE_FAMILY = "1,2";
				TEST_TARGET_NAME = "myQiita-mvvm";
			};
			name = Debug;
		};
		E60BECC423585D1500B5873D /* Release */ = {
			isa = XCBuildConfiguration;
			buildSettings = {
				CODE_SIGN_STYLE = Automatic;
				DEVELOPMENT_TEAM = 9JYWPBXFTC;
				INFOPLIST_FILE = "myQiita-mvvmUITests/Info.plist";
				IPHONEOS_DEPLOYMENT_TARGET = 12.4;
				LD_RUNPATH_SEARCH_PATHS = (
					"$(inherited)",
					"@executable_path/Frameworks",
					"@loader_path/Frameworks",
				);
				PRODUCT_BUNDLE_IDENTIFIER = "com.shinamon.myQiita-mvvmUITests";
				PRODUCT_NAME = "$(TARGET_NAME)";
				SWIFT_VERSION = 5.0;
				TARGETED_DEVICE_FAMILY = "1,2";
				TEST_TARGET_NAME = "myQiita-mvvm";
			};
			name = Release;
		};
		E6A17D87233AEFA300B19048 /* Debug */ = {
			isa = XCBuildConfiguration;
			buildSettings = {
				BUNDLE_LOADER = "$(TEST_HOST)";
				CODE_SIGN_STYLE = Automatic;
				DEVELOPMENT_TEAM = 9JYWPBXFTC;
				FRAMEWORK_SEARCH_PATHS = (
					"$(inherited)",
					"$(PROJECT_DIR)/Carthage/Build/iOS",
				);
				INFOPLIST_FILE = "myQiita-mvvmTests/Info.plist";
				IPHONEOS_DEPLOYMENT_TARGET = 12.4;
				LD_RUNPATH_SEARCH_PATHS = (
					"$(inherited)",
					"@executable_path/Frameworks",
					"@loader_path/Frameworks",
				);
				PRODUCT_BUNDLE_IDENTIFIER = "com.shinamon.myQiita-mvvmTests";
				PRODUCT_NAME = "$(TARGET_NAME)";
				SWIFT_VERSION = 5.0;
				TARGETED_DEVICE_FAMILY = "1,2";
				TEST_HOST = "$(BUILT_PRODUCTS_DIR)/myQiita-mvvm.app/myQiita-mvvm";
			};
			name = Debug;
		};
		E6A17D88233AEFA300B19048 /* Release */ = {
			isa = XCBuildConfiguration;
			buildSettings = {
				BUNDLE_LOADER = "$(TEST_HOST)";
				CODE_SIGN_STYLE = Automatic;
				DEVELOPMENT_TEAM = 9JYWPBXFTC;
				FRAMEWORK_SEARCH_PATHS = (
					"$(inherited)",
					"$(PROJECT_DIR)/Carthage/Build/iOS",
				);
				INFOPLIST_FILE = "myQiita-mvvmTests/Info.plist";
				IPHONEOS_DEPLOYMENT_TARGET = 12.4;
				LD_RUNPATH_SEARCH_PATHS = (
					"$(inherited)",
					"@executable_path/Frameworks",
					"@loader_path/Frameworks",
				);
				PRODUCT_BUNDLE_IDENTIFIER = "com.shinamon.myQiita-mvvmTests";
				PRODUCT_NAME = "$(TARGET_NAME)";
				SWIFT_VERSION = 5.0;
				TARGETED_DEVICE_FAMILY = "1,2";
				TEST_HOST = "$(BUILT_PRODUCTS_DIR)/myQiita-mvvm.app/myQiita-mvvm";
			};
			name = Release;
		};
/* End XCBuildConfiguration section */

/* Begin XCConfigurationList section */
		E607764B2300276900F414D2 /* Build configuration list for PBXProject "myQiita-mvvm" */ = {
			isa = XCConfigurationList;
			buildConfigurations = (
				E60776782300276A00F414D2 /* Debug */,
				E60776792300276A00F414D2 /* Release */,
			);
			defaultConfigurationIsVisible = 0;
			defaultConfigurationName = Release;
		};
		E607767A2300276A00F414D2 /* Build configuration list for PBXNativeTarget "myQiita-mvvm" */ = {
			isa = XCConfigurationList;
			buildConfigurations = (
				E607767B2300276A00F414D2 /* Debug */,
				E607767C2300276A00F414D2 /* Release */,
			);
			defaultConfigurationIsVisible = 0;
			defaultConfigurationName = Release;
		};
		E60BECC523585D1500B5873D /* Build configuration list for PBXNativeTarget "myQiita-mvvmUITests" */ = {
			isa = XCConfigurationList;
			buildConfigurations = (
				E60BECC323585D1500B5873D /* Debug */,
				E60BECC423585D1500B5873D /* Release */,
			);
			defaultConfigurationIsVisible = 0;
			defaultConfigurationName = Release;
		};
		E6A17D86233AEFA300B19048 /* Build configuration list for PBXNativeTarget "myQiita-mvvmTests" */ = {
			isa = XCConfigurationList;
			buildConfigurations = (
				E6A17D87233AEFA300B19048 /* Debug */,
				E6A17D88233AEFA300B19048 /* Release */,
			);
			defaultConfigurationIsVisible = 0;
			defaultConfigurationName = Release;
		};
/* End XCConfigurationList section */
	};
	rootObject = E60776482300276900F414D2 /* Project object */;
}
